
Microsoft Visual Studio Solution File, Format Version 12.00
# Visual Studio Version 17
VisualStudioVersion = 17.5.33424.131
MinimumVisualStudioVersion = 10.0.40219.1
Project("{FAE04EC0-301F-11D3-BF4B-00C04F79EFBC}") = "Task2", "Task2\Task2.csproj", "{74B3DDBA-19D0-4295-965C-DD2F8DEC876A}"
EndProject
Project("{FAE04EC0-301F-11D3-BF4B-00C04F79EFBC}") = "Task1", "Task1\Task1.csproj", "{58C9BAB0-FA73-481F-B68B-0D85D3B157B5}"
EndProject
Global
	GlobalSection(SolutionConfigurationPlatforms) = preSolution
		Debug|Any CPU = Debug|Any CPU
		Release|Any CPU = Release|Any CPU
	EndGlobalSection
	GlobalSection(ProjectConfigurationPlatforms) = postSolution
		{74B3DDBA-19D0-4295-965C-DD2F8DEC876A}.Debug|Any CPU.ActiveCfg = Debug|Any CPU
		{74B3DDBA-19D0-4295-965C-DD2F8DEC876A}.Debug|Any CPU.Build.0 = Debug|Any CPU
		{74B3DDBA-19D0-4295-965C-DD2F8DEC876A}.Release|Any CPU.ActiveCfg = Release|Any CPU
		{74B3DDBA-19D0-4295-965C-DD2F8DEC876A}.Release|Any CPU.Build.0 = Release|Any CPU
		{58C9BAB0-FA73-481F-B68B-0D85D3B157B5}.Debug|Any CPU.ActiveCfg = Debug|Any CPU
		{58C9BAB0-FA73-481F-B68B-0D85D3B157B5}.Debug|Any CPU.Build.0 = Debug|Any CPU
		{58C9BAB0-FA73-481F-B68B-0D85D3B157B5}.Release|Any CPU.ActiveCfg = Release|Any CPU
		{58C9BAB0-FA73-481F-B68B-0D85D3B157B5}.Release|Any CPU.Build.0 = Release|Any CPU
	EndGlobalSection
	GlobalSection(SolutionProperties) = preSolution
		HideSolutionNode = FALSE
	EndGlobalSection
	GlobalSection(ExtensibilityGlobals) = postSolution
		SolutionGuid = {14C2DE2A-D0D9-4A59-9672-8EEDF887CA58}
	EndGlobalSection
EndGlobal
